// !$*UTF8*$!
{
	archiveVersion = 1;
	classes = {
	};
	objectVersion = 46;
	objects = {

/* Begin PBXBuildFile section */
		EEB224441D6E0D5D00394504 /* AppDelegate.swift in Sources */ = {isa = PBXBuildFile; fileRef = EEB224431D6E0D5D00394504 /* AppDelegate.swift */; };
		EEB224461D6E0D5D00394504 /* ViewController.swift in Sources */ = {isa = PBXBuildFile; fileRef = EEB224451D6E0D5D00394504 /* ViewController.swift */; };
		EEB2244B1D6E0D5D00394504 /* Assets.xcassets in Resources */ = {isa = PBXBuildFile; fileRef = EEB2244A1D6E0D5D00394504 /* Assets.xcassets */; };
		EEB2244E1D6E0D5D00394504 /* LaunchScreen.storyboard in Resources */ = {isa = PBXBuildFile; fileRef = EEB2244C1D6E0D5D00394504 /* LaunchScreen.storyboard */; };
		EEB224611D6E849B00394504 /* Main.storyboard in Resources */ = {isa = PBXBuildFile; fileRef = EEB224601D6E849B00394504 /* Main.storyboard */; };
/* End PBXBuildFile section */

/* Begin PBXFileReference section */
		EEB224401D6E0D5D00394504 /* Safari.app */ = {isa = PBXFileReference; explicitFileType = wrapper.application; includeInIndex = 0; path = Safari.app; sourceTree = BUILT_PRODUCTS_DIR; };
		EEB224431D6E0D5D00394504 /* AppDelegate.swift */ = {isa = PBXFileReference; lastKnownFileType = sourcecode.swift; path = AppDelegate.swift; sourceTree = "<group>"; };
		EEB224451D6E0D5D00394504 /* ViewController.swift */ = {isa = PBXFileReference; lastKnownFileType = sourcecode.swift; path = ViewController.swift; sourceTree = "<group>"; };
		EEB2244A1D6E0D5D00394504 /* Assets.xcassets */ = {isa = PBXFileReference; lastKnownFileType = folder.assetcatalog; path = Assets.xcassets; sourceTree = "<group>"; };
		EEB2244D1D6E0D5D00394504 /* Base */ = {isa = PBXFileReference; lastKnownFileType = file.storyboard; name = Base; path = Base.lproj/LaunchScreen.storyboard; sourceTree = "<group>"; };
		EEB2244F1D6E0D5D00394504 /* Info.plist */ = {isa = PBXFileReference; lastKnownFileType = text.plist.xml; path = Info.plist; sourceTree = "<group>"; };
		EEB224601D6E849B00394504 /* Main.storyboard */ = {isa = PBXFileReference; fileEncoding = 4; lastKnownFileType = file.storyboard; name = Main.storyboard; path = ../Main.storyboard; sourceTree = "<group>"; };
/* End PBXFileReference section */

/* Begin PBXFrameworksBuildPhase section */
		EEB2243D1D6E0D5D00394504 /* Frameworks */ = {
			isa = PBXFrameworksBuildPhase;
			buildActionMask = 2147483647;
			files = (
			);
			runOnlyForDeploymentPostprocessing = 0;
		};
/* End PBXFrameworksBuildPhase section */

/* Begin PBXGroup section */
		EEB224371D6E0D5D00394504 = {
			isa = PBXGroup;
			children = (
				EEB224421D6E0D5D00394504 /* Safari */,
				EEB224411D6E0D5D00394504 /* Products */,
			);
			sourceTree = "<group>";
		};
		EEB224411D6E0D5D00394504 /* Products */ = {
			isa = PBXGroup;
			children = (
				EEB224401D6E0D5D00394504 /* Safari.app */,
			);
			name = Products;
			sourceTree = "<group>";
		};
		EEB224421D6E0D5D00394504 /* Safari */ = {
			isa = PBXGroup;
			children = (
				EEB224431D6E0D5D00394504 /* AppDelegate.swift */,
				EEB224451D6E0D5D00394504 /* ViewController.swift */,
				EEB224601D6E849B00394504 /* Main.storyboard */,
				EEB2244A1D6E0D5D00394504 /* Assets.xcassets */,
				EEB2244C1D6E0D5D00394504 /* LaunchScreen.storyboard */,
				EEB2244F1D6E0D5D00394504 /* Info.plist */,
			);
			path = Safari;
			sourceTree = "<group>";
		};
/* End PBXGroup section */

/* Begin PBXNativeTarget section */
		EEB2243F1D6E0D5D00394504 /* Safari */ = {
			isa = PBXNativeTarget;
			buildConfigurationList = EEB224521D6E0D5D00394504 /* Build configuration list for PBXNativeTarget "Safari" */;
			buildPhases = (
				EEB2243C1D6E0D5D00394504 /* Sources */,
				EEB2243D1D6E0D5D00394504 /* Frameworks */,
				EEB2243E1D6E0D5D00394504 /* Resources */,
			);
			buildRules = (
			);
			dependencies = (
			);
			name = Safari;
			productName = Safari;
			productReference = EEB224401D6E0D5D00394504 /* Safari.app */;
			productType = "com.apple.product-type.application";
		};
/* End PBXNativeTarget section */

/* Begin PBXProject section */
		EEB224381D6E0D5D00394504 /* Project object */ = {
			isa = PBXProject;
			attributes = {
				LastSwiftUpdateCheck = 0800;
				LastUpgradeCheck = 0800;
				ORGANIZATIONNAME = "The Iron Yard";
				TargetAttributes = {
					EEB2243F1D6E0D5D00394504 = {
						CreatedOnToolsVersion = 8.0;
						ProvisioningStyle = Automatic;
					};
				};
			};
			buildConfigurationList = EEB2243B1D6E0D5D00394504 /* Build configuration list for PBXProject "Safari" */;
			compatibilityVersion = "Xcode 3.2";
			developmentRegion = English;
			hasScannedForEncodings = 0;
			knownRegions = (
				en,
				Base,
			);
			mainGroup = EEB224371D6E0D5D00394504;
			productRefGroup = EEB224411D6E0D5D00394504 /* Products */;
			projectDirPath = "";
			projectRoot = "";
			targets = (
				EEB2243F1D6E0D5D00394504 /* Safari */,
			);
		};
/* End PBXProject section */

/* Begin PBXResourcesBuildPhase section */
		EEB2243E1D6E0D5D00394504 /* Resources */ = {
			isa = PBXResourcesBuildPhase;
			buildActionMask = 2147483647;
			files = (
				EEB224611D6E849B00394504 /* Main.storyboard in Resources */,
				EEB2244E1D6E0D5D00394504 /* LaunchScreen.storyboard in Resources */,
				EEB2244B1D6E0D5D00394504 /* Assets.xcassets in Resources */,
			);
			runOnlyForDeploymentPostprocessing = 0;
		};
/* End PBXResourcesBuildPhase section */

/* Begin PBXSourcesBuildPhase section */
		EEB2243C1D6E0D5D00394504 /* Sources */ = {
			isa = PBXSourcesBuildPhase;
			buildActionMask = 2147483647;
			files = (
				EEB224461D6E0D5D00394504 /* ViewController.swift in Sources */,
				EEB224441D6E0D5D00394504 /* AppDelegate.swift in Sources */,
			);
			runOnlyForDeploymentPostprocessing = 0;
		};
/* End PBXSourcesBuildPhase section */

/* Begin PBXVariantGroup section */
		EEB2244C1D6E0D5D00394504 /* LaunchScreen.storyboard */ = {
			isa = PBXVariantGroup;
			children = (
				EEB2244D1D6E0D5D00394504 /* Base */,
			);
			name = LaunchScreen.storyboard;
			sourceTree = "<group>";
		};
/* End PBXVariantGroup section */

/* Begin XCBuildConfiguration section */
		EEB224501D6E0D5D00394504 /* Debug */ = {
			isa = XCBuildConfiguration;
			buildSettings = {
				ALWAYS_SEARCH_USER_PATHS = NO;
				CLANG_ANALYZER_NONNULL = YES;
				CLANG_CXX_LANGUAGE_STANDARD = "gnu++0x";
				CLANG_CXX_LIBRARY = "libc++";
				CLANG_ENABLE_MODULES = YES;
				CLANG_ENABLE_OBJC_ARC = YES;
				CLANG_WARN_BOOL_CONVERSION = YES;
				CLANG_WARN_CONSTANT_CONVERSION = YES;
				CLANG_WARN_DIRECT_OBJC_ISA_USAGE = YES_ERROR;
				CLANG_WARN_DOCUMENTATION_COMMENTS = YES;
				CLANG_WARN_EMPTY_BODY = YES;
				CLANG_WARN_ENUM_CONVERSION = YES;
				CLANG_WARN_INFINITE_RECURSION = YES;
				CLANG_WARN_INT_CONVERSION = YES;
				CLANG_WARN_OBJC_ROOT_CLASS = YES_ERROR;
				CLANG_WARN_SUSPICIOUS_MOVES = YES;
				CLANG_WARN_UNREACHABLE_CODE = YES;
				CLANG_WARN__DUPLICATE_METHOD_MATCH = YES;
				"CODE_SIGN_IDENTITY[sdk=iphoneos*]" = "iPhone Developer";
				COPY_PHASE_STRIP = NO;
				DEBUG_INFORMATION_FORMAT = dwarf;
				ENABLE_STRICT_OBJC_MSGSEND = YES;
				ENABLE_TESTABILITY = YES;
				GCC_C_LANGUAGE_STANDARD = gnu99;
				GCC_DYNAMIC_NO_PIC = NO;
				GCC_NO_COMMON_BLOCKS = YES;
				GCC_OPTIMIZATION_LEVEL = 0;
				GCC_PREPROCESSOR_DEFINITIONS = (
					"DEBUG=1",
					"$(inherited)",
				);
				GCC_WARN_64_TO_32_BIT_CONVERSION = YES;
				GCC_WARN_ABOUT_RETURN_TYPE = YES_ERROR;
				GCC_WARN_UNDECLARED_SELECTOR = YES;
				GCC_WARN_UNINITIALIZED_AUTOS = YES_AGGRESSIVE;
				GCC_WARN_UNUSED_FUNCTION = YES;
				GCC_WARN_UNUSED_VARIABLE = YES;
				IPHONEOS_DEPLOYMENT_TARGET = 10.0;
				MTL_ENABLE_DEBUG_INFO = YES;
				ONLY_ACTIVE_ARCH = YES;
				SDKROOT = iphoneos;
				SWIFT_ACTIVE_COMPILATION_CONDITIONS = DEBUG;
				SWIFT_OPTIMIZATION_LEVEL = "-Onone";
			};
			name = Debug;
		};
		EEB224511D6E0D5D00394504 /* Release */ = {
			isa = XCBuildConfiguration;
			buildSettings = {
				ALWAYS_SEARCH_USER_PATHS = NO;
				CLANG_ANALYZER_NONNULL = YES;
				CLANG_CXX_LANGUAGE_STANDARD = "gnu++0x";
				CLANG_CXX_LIBRARY = "libc++";
				CLANG_ENABLE_MODULES = YES;
				CLANG_ENABLE_OBJC_ARC = YES;
				CLANG_WARN_BOOL_CONVERSION = YES;
				CLANG_WARN_CONSTANT_CONVERSION = YES;
				CLANG_WARN_DIRECT_OBJC_ISA_USAGE = YES_ERROR;
				CLANG_WARN_DOCUMENTATION_COMMENTS = YES;
				CLANG_WARN_EMPTY_BODY = YES;
				CLANG_WARN_ENUM_CONVERSION = YES;
				CLANG_WARN_INFINITE_RECURSION = YES;
				CLANG_WARN_INT_CONVERSION = YES;
				CLANG_WARN_OBJC_ROOT_CLASS = YES_ERROR;
				CLANG_WARN_SUSPICIOUS_MOVES = YES;
				CLANG_WARN_UNREACHABLE_CODE = YES;
				CLANG_WARN__DUPLICATE_METHOD_MATCH = YES;
				"CODE_SIGN_IDENTITY[sdk=iphoneos*]" = "iPhone Developer";
				COPY_PHASE_STRIP = NO;
				DEBUG_INFORMATION_FORMAT = "dwarf-with-dsym";
				ENABLE_NS_ASSERTIONS = NO;
				ENABLE_STRICT_OBJC_MSGSEND = YES;
				GCC_C_LANGUAGE_STANDARD = gnu99;
				GCC_NO_COMMON_BLOCKS = YES;
				GCC_WARN_64_TO_32_BIT_CONVERSION = YES;
				GCC_WARN_ABOUT_RETURN_TYPE = YES_ERROR;
				GCC_WARN_UNDECLARED_SELECTOR = YES;
				GCC_WARN_UNINITIALIZED_AUTOS = YES_AGGRESSIVE;
				GCC_WARN_UNUSED_FUNCTION = YES;
				GCC_WARN_UNUSED_VARIABLE = YES;
				IPHONEOS_DEPLOYMENT_TARGET = 10.0;
				MTL_ENABLE_DEBUG_INFO = NO;
				SDKROOT = iphoneos;
				SWIFT_OPTIMIZATION_LEVEL = "-Owholemodule";
				VALIDATE_PRODUCT = YES;
			};
			name = Release;
		};
		EEB224531D6E0D5D00394504 /* Debug */ = {
			isa = XCBuildConfiguration;
			buildSettings = {
				ASSETCATALOG_COMPILER_APPICON_NAME = AppIcon;
				INFOPLIST_FILE = Safari/Info.plist;
				LD_RUNPATH_SEARCH_PATHS = "$(inherited) @executable_path/Frameworks";
				PRODUCT_BUNDLE_IDENTIFIER = com.tiy.Safari;
				PRODUCT_NAME = "$(TARGET_NAME)";
				SWIFT_VERSION = 3.0;
			};
			name = Debug;
		};
		EEB224541D6E0D5D00394504 /* Release */ = {
			isa = XCBuildConfiguration;
			buildSettings = {
				ASSETCATALOG_COMPILER_APPICON_NAME = AppIcon;
				INFOPLIST_FILE = Safari/Info.plist;
				LD_RUNPATH_SEARCH_PATHS = "$(inherited) @executable_path/Frameworks";
				PRODUCT_BUNDLE_IDENTIFIER = com.tiy.Safari;
				PRODUCT_NAME = "$(TARGET_NAME)";
				SWIFT_VERSION = 3.0;
			};
			name = Release;
		};
/* End XCBuildConfiguration section */

/* Begin XCConfigurationList section */
		EEB2243B1D6E0D5D00394504 /* Build configuration list for PBXProject "Safari" */ = {
			isa = XCConfigurationList;
			buildConfigurations = (
				EEB224501D6E0D5D00394504 /* Debug */,
				EEB224511D6E0D5D00394504 /* Release */,
			);
			defaultConfigurationIsVisible = 0;
			defaultConfigurationName = Release;
		};
		EEB224521D6E0D5D00394504 /* Build configuration list for PBXNativeTarget "Safari" */ = {
			isa = XCConfigurationList;
			buildConfigurations = (
				EEB224531D6E0D5D00394504 /* Debug */,
				EEB224541D6E0D5D00394504 /* Release */,
			);
			defaultConfigurationIsVisible = 0;
			defaultConfigurationName = Release;
		};
/* End XCConfigurationList section */
	};
	rootObject = EEB224381D6E0D5D00394504 /* Project object */;
}
